
Microsoft Visual Studio Solution File, Format Version 12.00
# Visual Studio Version 17
VisualStudioVersion = 17.2.32505.173
MinimumVisualStudioVersion = 10.0.40219.1
Project("{FAE04EC0-301F-11D3-BF4B-00C04F79EFBC}") = "DisneyAPI", "DisneyAPI\DisneyAPI.csproj", "{A5BA6C12-7594-4AB1-B84A-E5EAD2DD1709}"
EndProject
Project("{FAE04EC0-301F-11D3-BF4B-00C04F79EFBC}") = "API.CoreBusiness", "API.CoreBusiness\API.CoreBusiness.csproj", "{B51C9972-AB06-4416-9F11-21A9D645C280}"
EndProject
Project("{FAE04EC0-301F-11D3-BF4B-00C04F79EFBC}") = "API.UsesCases", "API.UsesCases\API.UsesCases.csproj", "{C4BB1CB4-611F-46AD-9FCF-7C7BC0392BD8}"
EndProject
Project("{FAE04EC0-301F-11D3-BF4B-00C04F79EFBC}") = "API.GenericCore", "API.GenericCore\API.GenericCore.csproj", "{3510FA17-A5BB-4CDC-8819-5F763A3A199D}"
EndProject
Project("{FAE04EC0-301F-11D3-BF4B-00C04F79EFBC}") = "API.DataCore", "API.DataCore\API.DataCore.csproj", "{A9013D45-EA50-4B97-A6C6-E0198DCC0B63}"
EndProject
Global
	GlobalSection(SolutionConfigurationPlatforms) = preSolution
		Debug|Any CPU = Debug|Any CPU
		Release|Any CPU = Release|Any CPU
	EndGlobalSection
	GlobalSection(ProjectConfigurationPlatforms) = postSolution
		{A5BA6C12-7594-4AB1-B84A-E5EAD2DD1709}.Debug|Any CPU.ActiveCfg = Debug|Any CPU
		{A5BA6C12-7594-4AB1-B84A-E5EAD2DD1709}.Debug|Any CPU.Build.0 = Debug|Any CPU
		{A5BA6C12-7594-4AB1-B84A-E5EAD2DD1709}.Release|Any CPU.ActiveCfg = Release|Any CPU
		{A5BA6C12-7594-4AB1-B84A-E5EAD2DD1709}.Release|Any CPU.Build.0 = Release|Any CPU
		{B51C9972-AB06-4416-9F11-21A9D645C280}.Debug|Any CPU.ActiveCfg = Debug|Any CPU
		{B51C9972-AB06-4416-9F11-21A9D645C280}.Debug|Any CPU.Build.0 = Debug|Any CPU
		{B51C9972-AB06-4416-9F11-21A9D645C280}.Release|Any CPU.ActiveCfg = Release|Any CPU
		{B51C9972-AB06-4416-9F11-21A9D645C280}.Release|Any CPU.Build.0 = Release|Any CPU
		{C4BB1CB4-611F-46AD-9FCF-7C7BC0392BD8}.Debug|Any CPU.ActiveCfg = Debug|Any CPU
		{C4BB1CB4-611F-46AD-9FCF-7C7BC0392BD8}.Debug|Any CPU.Build.0 = Debug|Any CPU
		{C4BB1CB4-611F-46AD-9FCF-7C7BC0392BD8}.Release|Any CPU.ActiveCfg = Release|Any CPU
		{C4BB1CB4-611F-46AD-9FCF-7C7BC0392BD8}.Release|Any CPU.Build.0 = Release|Any CPU
		{3510FA17-A5BB-4CDC-8819-5F763A3A199D}.Debug|Any CPU.ActiveCfg = Debug|Any CPU
		{3510FA17-A5BB-4CDC-8819-5F763A3A199D}.Debug|Any CPU.Build.0 = Debug|Any CPU
		{3510FA17-A5BB-4CDC-8819-5F763A3A199D}.Release|Any CPU.ActiveCfg = Release|Any CPU
		{3510FA17-A5BB-4CDC-8819-5F763A3A199D}.Release|Any CPU.Build.0 = Release|Any CPU
		{A9013D45-EA50-4B97-A6C6-E0198DCC0B63}.Debug|Any CPU.ActiveCfg = Debug|Any CPU
		{A9013D45-EA50-4B97-A6C6-E0198DCC0B63}.Debug|Any CPU.Build.0 = Debug|Any CPU
		{A9013D45-EA50-4B97-A6C6-E0198DCC0B63}.Release|Any CPU.ActiveCfg = Release|Any CPU
		{A9013D45-EA50-4B97-A6C6-E0198DCC0B63}.Release|Any CPU.Build.0 = Release|Any CPU
	EndGlobalSection
	GlobalSection(SolutionProperties) = preSolution
		HideSolutionNode = FALSE
	EndGlobalSection
	GlobalSection(ExtensibilityGlobals) = postSolution
		SolutionGuid = {99B81B16-9BFE-4A50-987A-30C2DF950698}
	EndGlobalSection
EndGlobal
